// !$*UTF8*$!
{
	archiveVersion = 1;
	classes = {
	};
	objectVersion = 77;
	objects = {

/* Begin PBXContainerItemProxy section */
		FFBDADC52E6A889000E0F656 /* PBXContainerItemProxy */ = {
			isa = PBXContainerItemProxy;
			containerPortal = FFBDADAD2E6A888E00E0F656 /* Project object */;
			proxyType = 1;
			remoteGlobalIDString = FFBDADB42E6A888E00E0F656;
			remoteInfo = StarWarsPlanets;
		};
		FFBDADCF2E6A889000E0F656 /* PBXContainerItemProxy */ = {
			isa = PBXContainerItemProxy;
			containerPortal = FFBDADAD2E6A888E00E0F656 /* Project object */;
			proxyType = 1;
			remoteGlobalIDString = FFBDADB42E6A888E00E0F656;
			remoteInfo = StarWarsPlanets;
		};
/* End PBXContainerItemProxy section */

/* Begin PBXFileReference section */
		FFBDADB52E6A888E00E0F656 /* StarWarsPlanets.app */ = {isa = PBXFileReference; explicitFileType = wrapper.application; includeInIndex = 0; path = StarWarsPlanets.app; sourceTree = BUILT_PRODUCTS_DIR; };
		FFBDADC42E6A889000E0F656 /* StarWarsPlanetsTests.xctest */ = {isa = PBXFileReference; explicitFileType = wrapper.cfbundle; includeInIndex = 0; path = StarWarsPlanetsTests.xctest; sourceTree = BUILT_PRODUCTS_DIR; };
		FFBDADCE2E6A889000E0F656 /* StarWarsPlanetsUITests.xctest */ = {isa = PBXFileReference; explicitFileType = wrapper.cfbundle; includeInIndex = 0; path = StarWarsPlanetsUITests.xctest; sourceTree = BUILT_PRODUCTS_DIR; };
/* End PBXFileReference section */

/* Begin PBXFileSystemSynchronizedRootGroup section */
		FFBDADB72E6A888E00E0F656 /* StarWarsPlanets */ = {
			isa = PBXFileSystemSynchronizedRootGroup;
			path = StarWarsPlanets;
			sourceTree = "<group>";
		};
		FFBDADC72E6A889000E0F656 /* StarWarsPlanetsTests */ = {
			isa = PBXFileSystemSynchronizedRootGroup;
			path = StarWarsPlanetsTests;
			sourceTree = "<group>";
		};
		FFBDADD12E6A889000E0F656 /* StarWarsPlanetsUITests */ = {
			isa = PBXFileSystemSynchronizedRootGroup;
			path = StarWarsPlanetsUITests;
			sourceTree = "<group>";
		};
/* End PBXFileSystemSynchronizedRootGroup section */

/* Begin PBXFrameworksBuildPhase section */
		FFBDADB22E6A888E00E0F656 /* Frameworks */ = {
			isa = PBXFrameworksBuildPhase;
			buildActionMask = 2147483647;
			files = (
			);
			runOnlyForDeploymentPostprocessing = 0;
		};
		FFBDADC12E6A889000E0F656 /* Frameworks */ = {
			isa = PBXFrameworksBuildPhase;
			buildActionMask = 2147483647;
			files = (
			);
			runOnlyForDeploymentPostprocessing = 0;
		};
		FFBDADCB2E6A889000E0F656 /* Frameworks */ = {
			isa = PBXFrameworksBuildPhase;
			buildActionMask = 2147483647;
			files = (
			);
			runOnlyForDeploymentPostprocessing = 0;
		};
/* End PBXFrameworksBuildPhase section */

/* Begin PBXGroup section */
		FFBDADAC2E6A888E00E0F656 = {
			isa = PBXGroup;
			children = (
				FFBDADB72E6A888E00E0F656 /* StarWarsPlanets */,
				FFBDADC72E6A889000E0F656 /* StarWarsPlanetsTests */,
				FFBDADD12E6A889000E0F656 /* StarWarsPlanetsUITests */,
				FFBDADB62E6A888E00E0F656 /* Products */,
			);
			sourceTree = "<group>";
		};
		FFBDADB62E6A888E00E0F656 /* Products */ = {
			isa = PBXGroup;
			children = (
				FFBDADB52E6A888E00E0F656 /* StarWarsPlanets.app */,
				FFBDADC42E6A889000E0F656 /* StarWarsPlanetsTests.xctest */,
				FFBDADCE2E6A889000E0F656 /* StarWarsPlanetsUITests.xctest */,
			);
			name = Products;
			sourceTree = "<group>";
		};
/* End PBXGroup section */

/* Begin PBXNativeTarget section */
		FFBDADB42E6A888E00E0F656 /* StarWarsPlanets */ = {
			isa = PBXNativeTarget;
			buildConfigurationList = FFBDADD82E6A889000E0F656 /* Build configuration list for PBXNativeTarget "StarWarsPlanets" */;
			buildPhases = (
				FFBDADB12E6A888E00E0F656 /* Sources */,
				FFBDADB22E6A888E00E0F656 /* Frameworks */,
				FFBDADB32E6A888E00E0F656 /* Resources */,
			);
			buildRules = (
			);
			dependencies = (
			);
			fileSystemSynchronizedGroups = (
				FFBDADB72E6A888E00E0F656 /* StarWarsPlanets */,
			);
			name = StarWarsPlanets;
			packageProductDependencies = (
			);
			productName = StarWarsPlanets;
			productReference = FFBDADB52E6A888E00E0F656 /* StarWarsPlanets.app */;
			productType = "com.apple.product-type.application";
		};
		FFBDADC32E6A889000E0F656 /* StarWarsPlanetsTests */ = {
			isa = PBXNativeTarget;
			buildConfigurationList = FFBDADDB2E6A889000E0F656 /* Build configuration list for PBXNativeTarget "StarWarsPlanetsTests" */;
			buildPhases = (
				FFBDADC02E6A889000E0F656 /* Sources */,
				FFBDADC12E6A889000E0F656 /* Frameworks */,
				FFBDADC22E6A889000E0F656 /* Resources */,
			);
			buildRules = (
			);
			dependencies = (
				FFBDADC62E6A889000E0F656 /* PBXTargetDependency */,
			);
			fileSystemSynchronizedGroups = (
				FFBDADC72E6A889000E0F656 /* StarWarsPlanetsTests */,
			);
			name = StarWarsPlanetsTests;
			packageProductDependencies = (
			);
			productName = StarWarsPlanetsTests;
			productReference = FFBDADC42E6A889000E0F656 /* StarWarsPlanetsTests.xctest */;
			productType = "com.apple.product-type.bundle.unit-test";
		};
		FFBDADCD2E6A889000E0F656 /* StarWarsPlanetsUITests */ = {
			isa = PBXNativeTarget;
			buildConfigurationList = FFBDADDE2E6A889000E0F656 /* Build configuration list for PBXNativeTarget "StarWarsPlanetsUITests" */;
			buildPhases = (
				FFBDADCA2E6A889000E0F656 /* Sources */,
				FFBDADCB2E6A889000E0F656 /* Frameworks */,
				FFBDADCC2E6A889000E0F656 /* Resources */,
			);
			buildRules = (
			);
			dependencies = (
				FFBDADD02E6A889000E0F656 /* PBXTargetDependency */,
			);
			fileSystemSynchronizedGroups = (
				FFBDADD12E6A889000E0F656 /* StarWarsPlanetsUITests */,
			);
			name = StarWarsPlanetsUITests;
			packageProductDependencies = (
			);
			productName = StarWarsPlanetsUITests;
			productReference = FFBDADCE2E6A889000E0F656 /* StarWarsPlanetsUITests.xctest */;
			productType = "com.apple.product-type.bundle.ui-testing";
		};
/* End PBXNativeTarget section */

/* Begin PBXProject section */
		FFBDADAD2E6A888E00E0F656 /* Project object */ = {
			isa = PBXProject;
			attributes = {
				BuildIndependentTargetsInParallel = 1;
				LastSwiftUpdateCheck = 1640;
				LastUpgradeCheck = 1640;
				TargetAttributes = {
					FFBDADB42E6A888E00E0F656 = {
						CreatedOnToolsVersion = 16.4;
					};
					FFBDADC32E6A889000E0F656 = {
						CreatedOnToolsVersion = 16.4;
						TestTargetID = FFBDADB42E6A888E00E0F656;
					};
					FFBDADCD2E6A889000E0F656 = {
						CreatedOnToolsVersion = 16.4;
						TestTargetID = FFBDADB42E6A888E00E0F656;
					};
				};
			};
			buildConfigurationList = FFBDADB02E6A888E00E0F656 /* Build configuration list for PBXProject "StarWarsPlanets" */;
			developmentRegion = en;
			hasScannedForEncodings = 0;
			knownRegions = (
				en,
				Base,
			);
			mainGroup = FFBDADAC2E6A888E00E0F656;
			minimizedProjectReferenceProxies = 1;
			preferredProjectObjectVersion = 77;
			productRefGroup = FFBDADB62E6A888E00E0F656 /* Products */;
			projectDirPath = "";
			projectRoot = "";
			targets = (
				FFBDADB42E6A888E00E0F656 /* StarWarsPlanets */,
				FFBDADC32E6A889000E0F656 /* StarWarsPlanetsTests */,
				FFBDADCD2E6A889000E0F656 /* StarWarsPlanetsUITests */,
			);
		};
/* End PBXProject section */

/* Begin PBXResourcesBuildPhase section */
		FFBDADB32E6A888E00E0F656 /* Resources */ = {
			isa = PBXResourcesBuildPhase;
			buildActionMask = 2147483647;
			files = (
			);
			runOnlyForDeploymentPostprocessing = 0;
		};
		FFBDADC22E6A889000E0F656 /* Resources */ = {
			isa = PBXResourcesBuildPhase;
			buildActionMask = 2147483647;
			files = (
			);
			runOnlyForDeploymentPostprocessing = 0;
		};
		FFBDADCC2E6A889000E0F656 /* Resources */ = {
			isa = PBXResourcesBuildPhase;
			buildActionMask = 2147483647;
			files = (
			);
			runOnlyForDeploymentPostprocessing = 0;
		};
/* End PBXResourcesBuildPhase section */

/* Begin PBXSourcesBuildPhase section */
		FFBDADB12E6A888E00E0F656 /* Sources */ = {
			isa = PBXSourcesBuildPhase;
			buildActionMask = 2147483647;
			files = (
			);
			runOnlyForDeploymentPostprocessing = 0;
		};
		FFBDADC02E6A889000E0F656 /* Sources */ = {
			isa = PBXSourcesBuildPhase;
			buildActionMask = 2147483647;
			files = (
			);
			runOnlyForDeploymentPostprocessing = 0;
		};
		FFBDADCA2E6A889000E0F656 /* Sources */ = {
			isa = PBXSourcesBuildPhase;
			buildActionMask = 2147483647;
			files = (
			);
			runOnlyForDeploymentPostprocessing = 0;
		};
/* End PBXSourcesBuildPhase section */

/* Begin PBXTargetDependency section */
		FFBDADC62E6A889000E0F656 /* PBXTargetDependency */ = {
			isa = PBXTargetDependency;
			target = FFBDADB42E6A888E00E0F656 /* StarWarsPlanets */;
			targetProxy = FFBDADC52E6A889000E0F656 /* PBXContainerItemProxy */;
		};
		FFBDADD02E6A889000E0F656 /* PBXTargetDependency */ = {
			isa = PBXTargetDependency;
			target = FFBDADB42E6A888E00E0F656 /* StarWarsPlanets */;
			targetProxy = FFBDADCF2E6A889000E0F656 /* PBXContainerItemProxy */;
		};
/* End PBXTargetDependency section */

/* Begin XCBuildConfiguration section */
		FFBDADD62E6A889000E0F656 /* Debug */ = {
			isa = XCBuildConfiguration;
			buildSettings = {
				ALWAYS_SEARCH_USER_PATHS = NO;
				ASSETCATALOG_COMPILER_GENERATE_SWIFT_ASSET_SYMBOL_EXTENSIONS = YES;
				CLANG_ANALYZER_NONNULL = YES;
				CLANG_ANALYZER_NUMBER_OBJECT_CONVERSION = YES_AGGRESSIVE;
				CLANG_CXX_LANGUAGE_STANDARD = "gnu++20";
				CLANG_ENABLE_MODULES = YES;
				CLANG_ENABLE_OBJC_ARC = YES;
				CLANG_ENABLE_OBJC_WEAK = YES;
				CLANG_WARN_BLOCK_CAPTURE_AUTORELEASING = YES;
				CLANG_WARN_BOOL_CONVERSION = YES;
				CLANG_WARN_COMMA = YES;
				CLANG_WARN_CONSTANT_CONVERSION = YES;
				CLANG_WARN_DEPRECATED_OBJC_IMPLEMENTATIONS = YES;
				CLANG_WARN_DIRECT_OBJC_ISA_USAGE = YES_ERROR;
				CLANG_WARN_DOCUMENTATION_COMMENTS = YES;
				CLANG_WARN_EMPTY_BODY = YES;
				CLANG_WARN_ENUM_CONVERSION = YES;
				CLANG_WARN_INFINITE_RECURSION = YES;
				CLANG_WARN_INT_CONVERSION = YES;
				CLANG_WARN_NON_LITERAL_NULL_CONVERSION = YES;
				CLANG_WARN_OBJC_IMPLICIT_RETAIN_SELF = YES;
				CLANG_WARN_OBJC_LITERAL_CONVERSION = YES;
				CLANG_WARN_OBJC_ROOT_CLASS = YES_ERROR;
				CLANG_WARN_QUOTED_INCLUDE_IN_FRAMEWORK_HEADER = YES;
				CLANG_WARN_RANGE_LOOP_ANALYSIS = YES;
				CLANG_WARN_STRICT_PROTOTYPES = YES;
				CLANG_WARN_SUSPICIOUS_MOVE = YES;
				CLANG_WARN_UNGUARDED_AVAILABILITY = YES_AGGRESSIVE;
				CLANG_WARN_UNREACHABLE_CODE = YES;
				CLANG_WARN__DUPLICATE_METHOD_MATCH = YES;
				COPY_PHASE_STRIP = NO;
				DEBUG_INFORMATION_FORMAT = dwarf;
				DEVELOPMENT_TEAM = 66J5BB497B;
				ENABLE_STRICT_OBJC_MSGSEND = YES;
				ENABLE_TESTABILITY = YES;
				ENABLE_USER_SCRIPT_SANDBOXING = YES;
				GCC_C_LANGUAGE_STANDARD = gnu17;
				GCC_DYNAMIC_NO_PIC = NO;
				GCC_NO_COMMON_BLOCKS = YES;
				GCC_OPTIMIZATION_LEVEL = 0;
				GCC_PREPROCESSOR_DEFINITIONS = (
					"DEBUG=1",
					"$(inherited)",
				);
				GCC_WARN_64_TO_32_BIT_CONVERSION = YES;
				GCC_WARN_ABOUT_RETURN_TYPE = YES_ERROR;
				GCC_WARN_UNDECLARED_SELECTOR = YES;
				GCC_WARN_UNINITIALIZED_AUTOS = YES_AGGRESSIVE;
				GCC_WARN_UNUSED_FUNCTION = YES;
				GCC_WARN_UNUSED_VARIABLE = YES;
				IPHONEOS_DEPLOYMENT_TARGET = 18.5;
				LOCALIZATION_PREFERS_STRING_CATALOGS = YES;
				MTL_ENABLE_DEBUG_INFO = INCLUDE_SOURCE;
				MTL_FAST_MATH = YES;
				ONLY_ACTIVE_ARCH = YES;
				SDKROOT = iphoneos;
				SWIFT_ACTIVE_COMPILATION_CONDITIONS = "DEBUG $(inherited)";
				SWIFT_OPTIMIZATION_LEVEL = "-Onone";
			};
			name = Debug;
		};
		FFBDADD72E6A889000E0F656 /* Release */ = {
			isa = XCBuildConfiguration;
			buildSettings = {
				ALWAYS_SEARCH_USER_PATHS = NO;
				ASSETCATALOG_COMPILER_GENERATE_SWIFT_ASSET_SYMBOL_EXTENSIONS = YES;
				CLANG_ANALYZER_NONNULL = YES;
				CLANG_ANALYZER_NUMBER_OBJECT_CONVERSION = YES_AGGRESSIVE;
				CLANG_CXX_LANGUAGE_STANDARD = "gnu++20";
				CLANG_ENABLE_MODULES = YES;
				CLANG_ENABLE_OBJC_ARC = YES;
				CLANG_ENABLE_OBJC_WEAK = YES;
				CLANG_WARN_BLOCK_CAPTURE_AUTORELEASING = YES;
				CLANG_WARN_BOOL_CONVERSION = YES;
				CLANG_WARN_COMMA = YES;
				CLANG_WARN_CONSTANT_CONVERSION = YES;
				CLANG_WARN_DEPRECATED_OBJC_IMPLEMENTATIONS = YES;
				CLANG_WARN_DIRECT_OBJC_ISA_USAGE = YES_ERROR;
				CLANG_WARN_DOCUMENTATION_COMMENTS = YES;
				CLANG_WARN_EMPTY_BODY = YES;
				CLANG_WARN_ENUM_CONVERSION = YES;
				CLANG_WARN_INFINITE_RECURSION = YES;
				CLANG_WARN_INT_CONVERSION = YES;
				CLANG_WARN_NON_LITERAL_NULL_CONVERSION = YES;
				CLANG_WARN_OBJC_IMPLICIT_RETAIN_SELF = YES;
				CLANG_WARN_OBJC_LITERAL_CONVERSION = YES;
				CLANG_WARN_OBJC_ROOT_CLASS = YES_ERROR;
				CLANG_WARN_QUOTED_INCLUDE_IN_FRAMEWORK_HEADER = YES;
				CLANG_WARN_RANGE_LOOP_ANALYSIS = YES;
				CLANG_WARN_STRICT_PROTOTYPES = YES;
				CLANG_WARN_SUSPICIOUS_MOVE = YES;
				CLANG_WARN_UNGUARDED_AVAILABILITY = YES_AGGRESSIVE;
				CLANG_WARN_UNREACHABLE_CODE = YES;
				CLANG_WARN__DUPLICATE_METHOD_MATCH = YES;
				COPY_PHASE_STRIP = NO;
				DEBUG_INFORMATION_FORMAT = "dwarf-with-dsym";
				DEVELOPMENT_TEAM = 66J5BB497B;
				ENABLE_NS_ASSERTIONS = NO;
				ENABLE_STRICT_OBJC_MSGSEND = YES;
				ENABLE_USER_SCRIPT_SANDBOXING = YES;
				GCC_C_LANGUAGE_STANDARD = gnu17;
				GCC_NO_COMMON_BLOCKS = YES;
				GCC_WARN_64_TO_32_BIT_CONVERSION = YES;
				GCC_WARN_ABOUT_RETURN_TYPE = YES_ERROR;
				GCC_WARN_UNDECLARED_SELECTOR = YES;
				GCC_WARN_UNINITIALIZED_AUTOS = YES_AGGRESSIVE;
				GCC_WARN_UNUSED_FUNCTION = YES;
				GCC_WARN_UNUSED_VARIABLE = YES;
				IPHONEOS_DEPLOYMENT_TARGET = 18.5;
				LOCALIZATION_PREFERS_STRING_CATALOGS = YES;
				MTL_ENABLE_DEBUG_INFO = NO;
				MTL_FAST_MATH = YES;
				SDKROOT = iphoneos;
				SWIFT_COMPILATION_MODE = wholemodule;
				VALIDATE_PRODUCT = YES;
			};
			name = Release;
		};
		FFBDADD92E6A889000E0F656 /* Debug */ = {
			isa = XCBuildConfiguration;
			buildSettings = {
				ASSETCATALOG_COMPILER_APPICON_NAME = AppIcon;
				ASSETCATALOG_COMPILER_GLOBAL_ACCENT_COLOR_NAME = AccentColor;
				CODE_SIGN_STYLE = Automatic;
				CURRENT_PROJECT_VERSION = 1;
				DEVELOPMENT_TEAM = 66J5BB497B;
				ENABLE_PREVIEWS = YES;
				GENERATE_INFOPLIST_FILE = YES;
				INFOPLIST_KEY_UIApplicationSceneManifest_Generation = YES;
				INFOPLIST_KEY_UIApplicationSupportsIndirectInputEvents = YES;
				INFOPLIST_KEY_UILaunchScreen_Generation = YES;
				INFOPLIST_KEY_UISupportedInterfaceOrientations_iPad = "UIInterfaceOrientationPortrait UIInterfaceOrientationPortraitUpsideDown UIInterfaceOrientationLandscapeLeft UIInterfaceOrientationLandscapeRight";
				INFOPLIST_KEY_UISupportedInterfaceOrientations_iPhone = "UIInterfaceOrientationPortrait UIInterfaceOrientationLandscapeLeft UIInterfaceOrientationLandscapeRight";
				LD_RUNPATH_SEARCH_PATHS = (
					"$(inherited)",
					"@executable_path/Frameworks",
				);
				MARKETING_VERSION = 1.0;
				PRODUCT_BUNDLE_IDENTIFIER = com.equinox.StarWarsPlanets;
				PRODUCT_NAME = "$(TARGET_NAME)";
				SWIFT_EMIT_LOC_STRINGS = YES;
				SWIFT_VERSION = 5.0;
				TARGETED_DEVICE_FAMILY = "1,2";
			};
			name = Debug;
		};
		FFBDADDA2E6A889000E0F656 /* Release */ = {
			isa = XCBuildConfiguration;
			buildSettings = {
				ASSETCATALOG_COMPILER_APPICON_NAME = AppIcon;
				ASSETCATALOG_COMPILER_GLOBAL_ACCENT_COLOR_NAME = AccentColor;
				CODE_SIGN_STYLE = Automatic;
				CURRENT_PROJECT_VERSION = 1;
				DEVELOPMENT_TEAM = 66J5BB497B;
				ENABLE_PREVIEWS = YES;
				GENERATE_INFOPLIST_FILE = YES;
				INFOPLIST_KEY_UIApplicationSceneManifest_Generation = YES;
				INFOPLIST_KEY_UIApplicationSupportsIndirectInputEvents = YES;
				INFOPLIST_KEY_UILaunchScreen_Generation = YES;
				INFOPLIST_KEY_UISupportedInterfaceOrientations_iPad = "UIInterfaceOrientationPortrait UIInterfaceOrientationPortraitUpsideDown UIInterfaceOrientationLandscapeLeft UIInterfaceOrientationLandscapeRight";
				INFOPLIST_KEY_UISupportedInterfaceOrientations_iPhone = "UIInterfaceOrientationPortrait UIInterfaceOrientationLandscapeLeft UIInterfaceOrientationLandscapeRight";
				LD_RUNPATH_SEARCH_PATHS = (
					"$(inherited)",
					"@executable_path/Frameworks",
				);
				MARKETING_VERSION = 1.0;
				PRODUCT_BUNDLE_IDENTIFIER = com.equinox.StarWarsPlanets;
				PRODUCT_NAME = "$(TARGET_NAME)";
				SWIFT_EMIT_LOC_STRINGS = YES;
				SWIFT_VERSION = 5.0;
				TARGETED_DEVICE_FAMILY = "1,2";
			};
			name = Release;
		};
		FFBDADDC2E6A889000E0F656 /* Debug */ = {
			isa = XCBuildConfiguration;
			buildSettings = {
				BUNDLE_LOADER = "$(TEST_HOST)";
				CODE_SIGN_STYLE = Automatic;
				CURRENT_PROJECT_VERSION = 1;
				DEVELOPMENT_TEAM = 66J5BB497B;
				GENERATE_INFOPLIST_FILE = YES;
				IPHONEOS_DEPLOYMENT_TARGET = 18.5;
				MARKETING_VERSION = 1.0;
				PRODUCT_BUNDLE_IDENTIFIER = com.equinox.StarWarsPlanetsTests;
				PRODUCT_NAME = "$(TARGET_NAME)";
				SWIFT_EMIT_LOC_STRINGS = NO;
				SWIFT_VERSION = 5.0;
				TARGETED_DEVICE_FAMILY = "1,2";
				TEST_HOST = "$(BUILT_PRODUCTS_DIR)/StarWarsPlanets.app/$(BUNDLE_EXECUTABLE_FOLDER_PATH)/StarWarsPlanets";
			};
			name = Debug;
		};
		FFBDADDD2E6A889000E0F656 /* Release */ = {
			isa = XCBuildConfiguration;
			buildSettings = {
				BUNDLE_LOADER = "$(TEST_HOST)";
				CODE_SIGN_STYLE = Automatic;
				CURRENT_PROJECT_VERSION = 1;
				DEVELOPMENT_TEAM = 66J5BB497B;
				GENERATE_INFOPLIST_FILE = YES;
				IPHONEOS_DEPLOYMENT_TARGET = 18.5;
				MARKETING_VERSION = 1.0;
				PRODUCT_BUNDLE_IDENTIFIER = com.equinox.StarWarsPlanetsTests;
				PRODUCT_NAME = "$(TARGET_NAME)";
				SWIFT_EMIT_LOC_STRINGS = NO;
				SWIFT_VERSION = 5.0;
				TARGETED_DEVICE_FAMILY = "1,2";
				TEST_HOST = "$(BUILT_PRODUCTS_DIR)/StarWarsPlanets.app/$(BUNDLE_EXECUTABLE_FOLDER_PATH)/StarWarsPlanets";
			};
			name = Release;
		};
		FFBDADDF2E6A889000E0F656 /* Debug */ = {
			isa = XCBuildConfiguration;
			buildSettings = {
				CODE_SIGN_STYLE = Automatic;
				CURRENT_PROJECT_VERSION = 1;
				DEVELOPMENT_TEAM = 66J5BB497B;
				GENERATE_INFOPLIST_FILE = YES;
				MARKETING_VERSION = 1.0;
				PRODUCT_BUNDLE_IDENTIFIER = com.equinox.StarWarsPlanetsUITests;
				PRODUCT_NAME = "$(TARGET_NAME)";
				SWIFT_EMIT_LOC_STRINGS = NO;
				SWIFT_VERSION = 5.0;
				TARGETED_DEVICE_FAMILY = "1,2";
				TEST_TARGET_NAME = StarWarsPlanets;
			};
			name = Debug;
		};
		FFBDADE02E6A889000E0F656 /* Release */ = {
			isa = XCBuildConfiguration;
			buildSettings = {
				CODE_SIGN_STYLE = Automatic;
				CURRENT_PROJECT_VERSION = 1;
				DEVELOPMENT_TEAM = 66J5BB497B;
				GENERATE_INFOPLIST_FILE = YES;
				MARKETING_VERSION = 1.0;
				PRODUCT_BUNDLE_IDENTIFIER = com.equinox.StarWarsPlanetsUITests;
				PRODUCT_NAME = "$(TARGET_NAME)";
				SWIFT_EMIT_LOC_STRINGS = NO;
				SWIFT_VERSION = 5.0;
				TARGETED_DEVICE_FAMILY = "1,2";
				TEST_TARGET_NAME = StarWarsPlanets;
			};
			name = Release;
		};
/* End XCBuildConfiguration section */

/* Begin XCConfigurationList section */
		FFBDADB02E6A888E00E0F656 /* Build configuration list for PBXProject "StarWarsPlanets" */ = {
			isa = XCConfigurationList;
			buildConfigurations = (
				FFBDADD62E6A889000E0F656 /* Debug */,
				FFBDADD72E6A889000E0F656 /* Release */,
			);
			defaultConfigurationIsVisible = 0;
			defaultConfigurationName = Release;
		};
		FFBDADD82E6A889000E0F656 /* Build configuration list for PBXNativeTarget "StarWarsPlanets" */ = {
			isa = XCConfigurationList;
			buildConfigurations = (
				FFBDADD92E6A889000E0F656 /* Debug */,
				FFBDADDA2E6A889000E0F656 /* Release */,
			);
			defaultConfigurationIsVisible = 0;
			defaultConfigurationName = Release;
		};
		FFBDADDB2E6A889000E0F656 /* Build configuration list for PBXNativeTarget "StarWarsPlanetsTests" */ = {
			isa = XCConfigurationList;
			buildConfigurations = (
				FFBDADDC2E6A889000E0F656 /* Debug */,
				FFBDADDD2E6A889000E0F656 /* Release */,
			);
			defaultConfigurationIsVisible = 0;
			defaultConfigurationName = Release;
		};
		FFBDADDE2E6A889000E0F656 /* Build configuration list for PBXNativeTarget "StarWarsPlanetsUITests" */ = {
			isa = XCConfigurationList;
			buildConfigurations = (
				FFBDADDF2E6A889000E0F656 /* Debug */,
				FFBDADE02E6A889000E0F656 /* Release */,
			);
			defaultConfigurationIsVisible = 0;
			defaultConfigurationName = Release;
		};
/* End XCConfigurationList section */
	};
	rootObject = FFBDADAD2E6A888E00E0F656 /* Project object */;
}
